
Microsoft Visual Studio Solution File, Format Version 12.00
# Visual Studio Version 17
VisualStudioVersion = 17.0.31903.59
MinimumVisualStudioVersion = 10.0.40219.1
Project("{FAE04EC0-301F-11D3-BF4B-00C04F79EFBC}") = "Stok Takip", "WindowsFormsApp1\Stok Takip.csproj", "{FF4FCDD9-E46B-4325-ACBC-596EEC72203F}"
EndProject
Project("{FAE04EC0-301F-11D3-BF4B-00C04F79EFBC}") = "EntityLayer", "EntityLayer\EntityLayer.csproj", "{CBA9F7F3-E4EF-422E-8C83-C17204EDC452}"
EndProject
Project("{FAE04EC0-301F-11D3-BF4B-00C04F79EFBC}") = "DataAccessLayer", "DataAccessLayer\DataAccessLayer.csproj", "{9B9EBFCF-DE3E-4894-B5E6-06B0E53DD3D8}"
EndProject
Project("{FAE04EC0-301F-11D3-BF4B-00C04F79EFBC}") = "LogicLayer", "LogicLayer\LogicLayer.csproj", "{1A093D6E-4660-4EE2-9FF5-51BCE6E3E862}"
EndProject
Global
	GlobalSection(SolutionConfigurationPlatforms) = preSolution
		All|Any CPU = All|Any CPU
		Debug|Any CPU = Debug|Any CPU
		Release|Any CPU = Release|Any CPU
	EndGlobalSection
	GlobalSection(ProjectConfigurationPlatforms) = postSolution
		{FF4FCDD9-E46B-4325-ACBC-596EEC72203F}.All|Any CPU.ActiveCfg = Release|Any CPU
		{FF4FCDD9-E46B-4325-ACBC-596EEC72203F}.All|Any CPU.Build.0 = Release|Any CPU
		{FF4FCDD9-E46B-4325-ACBC-596EEC72203F}.Debug|Any CPU.ActiveCfg = Debug|Any CPU
		{FF4FCDD9-E46B-4325-ACBC-596EEC72203F}.Debug|Any CPU.Build.0 = Debug|Any CPU
		{FF4FCDD9-E46B-4325-ACBC-596EEC72203F}.Release|Any CPU.ActiveCfg = Release|Any CPU
		{FF4FCDD9-E46B-4325-ACBC-596EEC72203F}.Release|Any CPU.Build.0 = Release|Any CPU
		{CBA9F7F3-E4EF-422E-8C83-C17204EDC452}.All|Any CPU.ActiveCfg = Release|Any CPU
		{CBA9F7F3-E4EF-422E-8C83-C17204EDC452}.All|Any CPU.Build.0 = Release|Any CPU
		{CBA9F7F3-E4EF-422E-8C83-C17204EDC452}.Debug|Any CPU.ActiveCfg = Debug|Any CPU
		{CBA9F7F3-E4EF-422E-8C83-C17204EDC452}.Debug|Any CPU.Build.0 = Debug|Any CPU
		{CBA9F7F3-E4EF-422E-8C83-C17204EDC452}.Release|Any CPU.ActiveCfg = Release|Any CPU
		{CBA9F7F3-E4EF-422E-8C83-C17204EDC452}.Release|Any CPU.Build.0 = Release|Any CPU
		{9B9EBFCF-DE3E-4894-B5E6-06B0E53DD3D8}.All|Any CPU.ActiveCfg = Release|Any CPU
		{9B9EBFCF-DE3E-4894-B5E6-06B0E53DD3D8}.All|Any CPU.Build.0 = Release|Any CPU
		{9B9EBFCF-DE3E-4894-B5E6-06B0E53DD3D8}.Debug|Any CPU.ActiveCfg = Debug|Any CPU
		{9B9EBFCF-DE3E-4894-B5E6-06B0E53DD3D8}.Debug|Any CPU.Build.0 = Debug|Any CPU
		{9B9EBFCF-DE3E-4894-B5E6-06B0E53DD3D8}.Release|Any CPU.ActiveCfg = Release|Any CPU
		{9B9EBFCF-DE3E-4894-B5E6-06B0E53DD3D8}.Release|Any CPU.Build.0 = Release|Any CPU
		{1A093D6E-4660-4EE2-9FF5-51BCE6E3E862}.All|Any CPU.ActiveCfg = Release|Any CPU
		{1A093D6E-4660-4EE2-9FF5-51BCE6E3E862}.All|Any CPU.Build.0 = Release|Any CPU
		{1A093D6E-4660-4EE2-9FF5-51BCE6E3E862}.Debug|Any CPU.ActiveCfg = Debug|Any CPU
		{1A093D6E-4660-4EE2-9FF5-51BCE6E3E862}.Debug|Any CPU.Build.0 = Debug|Any CPU
		{1A093D6E-4660-4EE2-9FF5-51BCE6E3E862}.Release|Any CPU.ActiveCfg = Release|Any CPU
		{1A093D6E-4660-4EE2-9FF5-51BCE6E3E862}.Release|Any CPU.Build.0 = Release|Any CPU
	EndGlobalSection
	GlobalSection(SolutionProperties) = preSolution
		HideSolutionNode = FALSE
	EndGlobalSection
	GlobalSection(ExtensibilityGlobals) = postSolution
		SolutionGuid = {8C9C13A9-9F8A-4419-866D-95C8394A310E}
	EndGlobalSection
EndGlobal
